lockfileVersion: 5.4

specifiers:
  chalk: ^1.1.3
  cookie-parser: ~1.3.5
  debug: ~2.6.9
  ejs: ^2.4.2
  ejs-locals: ^1.0.2
  express: ~4.13.1
  express-session: ^1.13.0
  log4js: ^0.6.36
  morgan: ~1.6.1
  pg-promise: ^4.4.6
  serve-favicon: ~2.3.0

dependencies:
  chalk: 1.1.3
  cookie-parser: 1.3.5
  debug: 2.6.9
  ejs: 2.7.4
  ejs-locals: 1.0.2
  express: 4.13.4
  express-session: 1.17.3
  log4js: 0.6.38
  morgan: 1.6.1
  pg-promise: 4.8.1
  serve-favicon: 2.3.2

packages:

  /accepts/1.2.13:
    resolution: {integrity: sha512-R190A3EzrS4huFOVZajhXCYZt5p5yrkaQOB4nsWzfth0cYaDcSN5J86l58FJ1dt7igp37fB/QhnuFkGAJmr+eg==}
    engines: {node: '>= 0.6'}
    dependencies:
      mime-types: 2.1.35
      negotiator: 0.5.3
    dev: false

  /ansi-regex/2.1.1:
    resolution: {integrity: sha1-w7M6te42DYbg5ijwRorn7yfWVN8=}
    engines: {node: '>=0.10.0'}
    dev: false

  /ansi-styles/2.2.1:
    resolution: {integrity: sha1-tDLdM1i2NM914eRmQ2gkBTPB3b4=}
    engines: {node: '>=0.10.0'}
    dev: false

  /array-flatten/1.1.1:
    resolution: {integrity: sha512-PCVAQswWemu6UdxsDFFX/+gVeYqKAod3D3UVm91jHwynguOwAvYPhx8nNlM++NqRcK6CxxpUafjmhIdKiHibqg==}
    dev: false

  /basic-auth/1.0.4:
    resolution: {integrity: sha512-uvq3I/zC5TmG0WZJDzsXzIytU9GiiSq23Gl27Dq9sV81JTfPfQhtdADECP1DJZeJoZPuYU0Y81hWC5y/dOR+Yw==}
    engines: {node: '>= 0.6'}
    dev: false

  /buffer-writer/1.0.1:
    resolution: {integrity: sha512-I5M7UuSeDn5aQR2BSH2+270w9qdd2Rd5LB/XhTcIRdSmeLueMNlY3BaMoHtoASmjEQf/NOAqMIZaoAMSpomW6w==}
    dev: false

  /chalk/1.1.3:
    resolution: {integrity: sha1-qBFcVeSnAv5NFQq9OHKCKn4J/Jg=}
    engines: {node: '>=0.10.0'}
    dependencies:
      ansi-styles: 2.2.1
      escape-string-regexp: 1.0.5
      has-ansi: 2.0.0
      strip-ansi: 3.0.1
      supports-color: 2.0.0
    dev: false

  /content-disposition/0.5.1:
    resolution: {integrity: sha512-LXP3Ekizrynh01Muic+1XMkR46z/d2wAO/TBnwCgdTmpFJrtwkzrCxQCsC7QnNqlShJgrQyygcX2I8oJ0wnzkw==}
    engines: {node: '>= 0.6'}
    dev: false

  /content-type/1.0.4:
    resolution: {integrity: sha512-hIP3EEPs8tB9AT1L+NUqtwOAps4mk2Zob89MWXMHjHWg9milF/j4osnnQLXBCBFBk/tvIG/tUc9mOUJiPBhPXA==}
    engines: {node: '>= 0.6'}
    dev: false

  /cookie-parser/1.3.5:
    resolution: {integrity: sha512-YN/8nzPcK5o6Op4MIzAd4H4qUal5+3UaMhVIeaafFYL0pKvBQA/9Yhzo7ZwvBpjdGshsiTAb1+FC37M6RdPDFg==}
    engines: {node: '>= 0.8.0'}
    dependencies:
      cookie: 0.1.3
      cookie-signature: 1.0.6
    dev: false

  /cookie-signature/1.0.6:
    resolution: {integrity: sha512-QADzlaHc8icV8I7vbaJXJwod9HWYp8uCqf1xa4OfNu1T7JVxQIrUgOWtHdNDtPiywmFbiS12VjotIXLrKM3orQ==}
    dev: false

  /cookie/0.1.3:
    resolution: {integrity: sha512-mWkFhcL+HVG1KjeCjEBVJJ7s4sAGMLiBDFSDs4bzzvgLZt7rW8BhP6XV/8b1+pNvx/skd3yYxPuaF3Z6LlQzyw==}
    dev: false

  /cookie/0.1.5:
    resolution: {integrity: sha512-/lhu+NGBI5pOLXILS07DrPXYX0QDD/ejVhbwoCUcLPBqMEK9b++f9rUhAlhLkcTz9mV6QSeD+w3cHJ96rMZaFQ==}
    engines: {node: '>= 0.6'}
    dev: false

  /cookie/0.4.2:
    resolution: {integrity: sha512-aSWTXFzaKWkvHO1Ny/s+ePFpvKsPnjc551iI41v3ny/ow6tBG5Vd+FuqGNhh1LxOmVzOlGUriIlOaokOvhaStA==}
    engines: {node: '>= 0.6'}
    dev: false

  /core-util-is/1.0.3:
    resolution: {integrity: sha512-ZQBvi1DcpJ4GDqanjucZ2Hj3wEO5pZDS89BWbkcrvdxksJorwUDDZamX9ldFkp9aw2lmBDLgkObEA4DWNJ9FYQ==}
    dev: false

  /debug/2.2.0:
    resolution: {integrity: sha512-X0rGvJcskG1c3TgSCPqHJ0XJgwlcvOC7elJ5Y0hYuKBZoVqWpAMfLOeIh2UI/DCQ5ruodIjvsugZtjUYUw2pUw==}
    peerDependencies:
      supports-color: '*'
    peerDependenciesMeta:
      supports-color:
        optional: true
    dependencies:
      ms: 0.7.1
    dev: false

  /debug/2.6.9:
    resolution: {integrity: sha512-bC7ElrdJaJnPbAP+1EotYvqZsb3ecl5wi6Bfi6BJTUcNowp6cvspg0jXznRTKDjm/E7AdgFBVeAPVMNcKGsHMA==}
    peerDependencies:
      supports-color: '*'
    peerDependenciesMeta:
      supports-color:
        optional: true
    dependencies:
      ms: 2.0.0
    dev: false

  /depd/1.0.1:
    resolution: {integrity: sha512-OEWAMbCkK9IWQ8pfTvHBhCSqHgR+sk5pbiYqq0FqfARG4Cy+cRsCbITx6wh5pcsmfBPiJAcbd98tfdz5fnBbag==}
    engines: {node: '>= 0.6'}
    dev: false

  /depd/1.1.2:
    resolution: {integrity: sha512-7emPTl6Dpo6JRXOXjLRxck+FlLRX5847cLKEn00PLAgc3g2hTZZgr+e4c2v6QpSmLeFP3n5yUo7ft6avBK/5jQ==}
    engines: {node: '>= 0.6'}
    dev: false

  /depd/2.0.0:
    resolution: {integrity: sha512-g7nH6P6dyDioJogAAGprGpCtVImJhpPk/roCzdb3fIh61/s/nPsfR6onyMwkCAR/OlC3yBC0lESvUoQEAssIrw==}
    engines: {node: '>= 0.8'}
    dev: false

  /destroy/1.0.4:
    resolution: {integrity: sha512-3NdhDuEXnfun/z7x9GOElY49LoqVHoGScmOKwmxhsS8N5Y+Z8KyPPDnaSzqWgYt/ji4mqwfTS34Htrk0zPIXVg==}
    dev: false

  /ee-first/1.1.1:
    resolution: {integrity: sha512-WMwm9LhRUo+WUaRN+vRuETqG89IgZphVSNkdFgeb6sS/E4OrDIN7t48CAewSHXc6C8lefD8KKfr5vY61brQlow==}
    dev: false

  /ejs-locals/1.0.2:
    resolution: {integrity: sha512-gzMyYHoVMcaT30zwd0z69HEthp5c2czMLWCaMh+K+BfogvxrG6smZHLW3Uwn2+6XhE+/aCcEL8pETZ9fa1J24A==}
    engines: {node: '>=0.6.0'}
    dependencies:
      ejs: 0.8.8
    dev: false

  /ejs/0.8.8:
    resolution: {integrity: sha512-2E5HBH8LoaSQ2OLW2LmEE1/9dL3YZCKqrQXBEeCv9P/dQlZOfdAYvJFHhNZ35uY6AXba+RllQTRtmJmXXm7i7g==}
    deprecated: Critical security bugs fixed in 2.5.5
    dev: false

  /ejs/2.7.4:
    resolution: {integrity: sha512-7vmuyh5+kuUyJKePhQfRQBhXV5Ce+RnaeeQArKu1EAMpL3WbgMt5WG6uQZpEVvYSSsxMXRKOewtDk9RaTKXRlA==}
    engines: {node: '>=0.10.0'}
    requiresBuild: true
    dev: false

  /escape-html/1.0.3:
    resolution: {integrity: sha512-NiSupZ4OeuGwr68lGIeym/ksIZMJodUGOSCZ/FSnTxcrekbvqrgdUxlJOMpijaKZVjAJrWrGs/6Jy8OMuyj9ow==}
    dev: false

  /escape-string-regexp/1.0.5:
    resolution: {integrity: sha1-G2HAViGQqN/2rjuyzwIAyhMLhtQ=}
    engines: {node: '>=0.8.0'}
    dev: false

  /etag/1.7.0:
    resolution: {integrity: sha512-Mbv5pNpLNPrm1b4rzZlZlfTRpdDr31oiD43N362sIyvSWVNu5Du33EcJGzvEV4YdYLuENB1HzND907cQkFmXNw==}
    engines: {node: '>= 0.6'}
    dev: false

  /express-session/1.17.3:
    resolution: {integrity: sha512-4+otWXlShYlG1Ma+2Jnn+xgKUZTMJ5QD3YvfilX3AcocOAbIkVylSWEklzALe/+Pu4qV6TYBj5GwOBFfdKqLBw==}
    engines: {node: '>= 0.8.0'}
    dependencies:
      cookie: 0.4.2
      cookie-signature: 1.0.6
      debug: 2.6.9
      depd: 2.0.0
      on-headers: 1.0.2
      parseurl: 1.3.3
      safe-buffer: 5.2.1
      uid-safe: 2.1.5
    transitivePeerDependencies:
      - supports-color
    dev: false

  /express/4.13.4:
    resolution: {integrity: sha512-pNykF2h4VgBMH8gJfwwBh4kqaIyV/DcFIX6UpC751GF7du2kA1pkxJ2/SmggVGbYCa4mBRcWh0yiTfK8Dp/Rdg==}
    engines: {node: '>= 0.10.0'}
    dependencies:
      accepts: 1.2.13
      array-flatten: 1.1.1
      content-disposition: 0.5.1
      content-type: 1.0.4
      cookie: 0.1.5
      cookie-signature: 1.0.6
      debug: 2.2.0
      depd: 1.1.2
      escape-html: 1.0.3
      etag: 1.7.0
      finalhandler: 0.4.1
      fresh: 0.3.0
      merge-descriptors: 1.0.1
      methods: 1.1.2
      on-finished: 2.3.0
      parseurl: 1.3.3
      path-to-regexp: 0.1.7
      proxy-addr: 1.0.10
      qs: 4.0.0
      range-parser: 1.0.3
      send: 0.13.1
      serve-static: 1.10.3
      type-is: 1.6.18
      utils-merge: 1.0.0
      vary: 1.0.1
    transitivePeerDependencies:
      - supports-color
    dev: false

  /finalhandler/0.4.1:
    resolution: {integrity: sha512-+AkanbaabSCYrDcrU+TcA/8SEyMDAN7mjE6GC71GAlvYDXM4wzUsRqLLS2qPtWecIlkX5+MMZGd2RyxO3yBOfg==}
    engines: {node: '>= 0.8'}
    dependencies:
      debug: 2.2.0
      escape-html: 1.0.3
      on-finished: 2.3.0
      unpipe: 1.0.0
    transitivePeerDependencies:
      - supports-color
    dev: false

  /forwarded/0.1.2:
    resolution: {integrity: sha512-Ua9xNhH0b8pwE3yRbFfXJvfdWF0UHNCdeyb2sbi9Ul/M+r3PTdrz7Cv4SCfZRMjmzEM9PhraqfZFbGTIg3OMyA==}
    engines: {node: '>= 0.6'}
    dev: false

  /fresh/0.3.0:
    resolution: {integrity: sha512-akx5WBKAwMSg36qoHTuMMVncHWctlaDGslJASDYAhoLrzDUDCjZlOngNa/iC6lPm9aA0qk8pN5KnpmbJHSIIQQ==}
    engines: {node: '>= 0.6'}
    dev: false

  /generic-pool/2.4.2:
    resolution: {integrity: sha512-c2W/8V0451pHnt+a7tVTrNROpsfaIX4P6OrET4e/Uj3ZpK+8e95U6Ck7y5dubhn4QVWBBA8WkcZPTWtNaQGyOw==}
    engines: {node: '>= 0.2.0'}
    dev: false

  /has-ansi/2.0.0:
    resolution: {integrity: sha1-NPUEnOHs3ysGSa8+8k5F7TVBbZE=}
    engines: {node: '>=0.10.0'}
    dependencies:
      ansi-regex: 2.1.1
    dev: false

  /http-errors/1.3.1:
    resolution: {integrity: sha512-gMygNskMurDCWfoCdyh1gOeDfSbkAHXqz94QoPj5IHIUjC/BG8/xv7FSEUr7waR5RcAya4j58bft9Wu/wHNeXA==}
    engines: {node: '>= 0.6'}
    dependencies:
      inherits: 2.0.4
      statuses: 1.2.1
    dev: false

  /inherits/2.0.4:
    resolution: {integrity: sha512-k/vGaX4/Yla3WzyMCvTQOXYeIHvqOKtnqBduzTHpzpQZzAskKMhZ2K+EnBiSM9zGSoIFeMpXKxa4dYeZIQqewQ==}
    dev: false

  /ipaddr.js/1.0.5:
    resolution: {integrity: sha512-wBj+q+3uP78gMowwWgFLAYm/q4x5goyZmDsmuvyz+nd1u0D/ghgXXtc1OkgmTzSiWT101kiqGacwFk9eGQw6xQ==}
    engines: {node: '>= 0.10'}
    dev: false

  /isarray/0.0.1:
    resolution: {integrity: sha512-D2S+3GLxWH+uhrNEcoh/fnmYeP8E8/zHl644d/jdA0g2uyXvy3sb0qxotE+ne0LtccHknQzWwZEzhak7oJ0COQ==}
    dev: false

  /log4js/0.6.38:
    resolution: {integrity: sha512-Cd+klbx7lkiaamEId9/0odHxv/PFHDz2E12kEfd6/CzIOZD084DzysASR/Dot4i1dYPBQKC3r2XIER+dfbLOmw==}
    engines: {node: '>=0.8'}
    deprecated: 0.x is no longer supported
    dependencies:
      readable-stream: 1.0.34
      semver: 4.3.6
    dev: false

  /manakin/0.3.0:
    resolution: {integrity: sha512-rI9KJ8KkEf9T+BV9cQEJapOYHjjRQlJPHYXyxCoAV2aN4v3rZPhOcjn5c5UX2N1Odu4WBJ8C5V8v2aKk8ZT3sA==}
    engines: {node: '>=0.10', npm: '>=1.4'}
    dev: false

  /media-typer/0.3.0:
    resolution: {integrity: sha512-dq+qelQ9akHpcOl/gUVRTxVIOkAJ1wR3QAvb4RsVjS8oVoFjDGTc679wJYmUmknUF5HwMLOgb5O+a3KxfWapPQ==}
    engines: {node: '>= 0.6'}
    dev: false

  /merge-descriptors/1.0.1:
    resolution: {integrity: sha512-cCi6g3/Zr1iqQi6ySbseM1Xvooa98N0w31jzUYrXPX2xqObmFGHJ0tQ5u74H3mVh7wLouTseZyYIq39g8cNp1w==}
    dev: false

  /methods/1.1.2:
    resolution: {integrity: sha512-iclAHeNqNm68zFtnZ0e+1L2yUIdvzNoauKU4WBA3VvH/vPFieF7qfRlwUZU+DA9P9bPXIS90ulxoUoCH23sV2w==}
    engines: {node: '>= 0.6'}
    dev: false

  /mime-db/1.52.0:
    resolution: {integrity: sha512-sPU4uV7dYlvtWJxwwxHD0PuihVNiE7TyAbQ5SWxDCB9mUYvOgroQOwYQQOKPJ8CIbE+1ETVlOoK1UC2nU3gYvg==}
    engines: {node: '>= 0.6'}
    dev: false

  /mime-types/2.1.35:
    resolution: {integrity: sha512-ZDY+bPm5zTTF+YpCrAU9nK0UgICYPT0QtT1NZWFv4s++TNkcgVaT0g6+4R2uI4MjQjzysHB1zxuWL50hzaeXiw==}
    engines: {node: '>= 0.6'}
    dependencies:
      mime-db: 1.52.0
    dev: false

  /mime/1.3.4:
    resolution: {integrity: sha512-sAaYXszED5ALBt665F0wMQCUXpGuZsGdopoqcHPdL39ZYdi7uHoZlhrfZfhv8WzivhBzr/oXwaj+yiK5wY8MXQ==}
    hasBin: true
    dev: false

  /morgan/1.6.1:
    resolution: {integrity: sha512-WWxlTx5xCqbtSeX/gPVHUZBhAhSMfYQLgPrWHEN0FYnF+zf1Ju/Zct6rpeKmvzibrYF4QvFVws7IN61BxnKu+Q==}
    engines: {node: '>= 0.8.0'}
    dependencies:
      basic-auth: 1.0.4
      debug: 2.2.0
      depd: 1.0.1
      on-finished: 2.3.0
      on-headers: 1.0.2
    transitivePeerDependencies:
      - supports-color
    dev: false

  /ms/0.7.1:
    resolution: {integrity: sha512-lRLiIR9fSNpnP6TC4v8+4OU7oStC01esuNowdQ34L+Gk8e5Puoc88IqJ+XAY/B3Mn2ZKis8l8HX90oU8ivzUHg==}
    dev: false

  /ms/0.7.2:
    resolution: {integrity: sha512-5NnE67nQSQDJHVahPJna1PQ/zCXMnQop3yUCxjKPNzCxuyPSKWTQ/5Gu5CZmjetwGLWRA+PzeF5thlbOdbQldA==}
    dev: false

  /ms/2.0.0:
    resolution: {integrity: sha512-Tpp60P6IUJDTuOq/5Z8cdskzJujfwqfOTkrwIwj7IRISpnkJnT6SyJ4PCPnGMoFjC9ddhal5KVIYtAt97ix05A==}
    dev: false

  /negotiator/0.5.3:
    resolution: {integrity: sha512-oXmnazqehLNFohqgLxRyUdOQU9/UX0NpCpsnbjWUjM62ZM8oSOXYZpHc68XR130ftPNano0oQXGdREAplZRhaQ==}
    engines: {node: '>= 0.6'}
    dev: false

  /on-finished/2.3.0:
    resolution: {integrity: sha512-ikqdkGAAyf/X/gPhXGvfgAytDZtDbr+bkNUJ0N9h5MI/dmdgCs3l6hoHrcUv41sRKew3jIwrp4qQDXiK99Utww==}
    engines: {node: '>= 0.8'}
    dependencies:
      ee-first: 1.1.1
    dev: false

  /on-headers/1.0.2:
    resolution: {integrity: sha512-pZAE+FJLoyITytdqK0U5s+FIpjN0JP3OzFi/u8Rx+EV5/W+JTWGXG8xFzevE7AjBfDqHv/8vL8qQsIhHnqRkrA==}
    engines: {node: '>= 0.8'}
    dev: false

  /packet-reader/0.2.0:
    resolution: {integrity: sha512-3GnoJ2cKeSgikX3llywfuefjtkokRfzySXO2H3bDwVguclnpkvjYcBsQNfCcUpwUKRK+4IhhCD18/rLMVOH+aQ==}
    dev: false

  /parseurl/1.3.3:
    resolution: {integrity: sha512-CiyeOxFT/JZyN5m0z9PfXw4SCBJ6Sygz1Dpl0wqjlhDEGGBP1GnsUVEL0p63hoG1fcj3fHynXi9NYO4nWOL+qQ==}
    engines: {node: '>= 0.8'}
    dev: false

  /path-to-regexp/0.1.7:
    resolution: {integrity: sha512-5DFkuoqlv1uYQKxy8omFBeJPQcdoE07Kv2sferDCrAq1ohOU+MSDswDIbnx3YAM60qIOnYa53wBhXW0EbMonrQ==}
    dev: false

  /pg-connection-string/0.1.3:
    resolution: {integrity: sha512-i0NV/CrSkFTaiOQs9AGy3tq0dkSjtTd4d7DfsjeDVZAA4aIHInwfFEmriNYGGJUfZ5x6IAC/QddoUpUJjQAi0w==}
    dev: false

  /pg-int8/1.0.1:
    resolution: {integrity: sha512-WCtabS6t3c8SkpDBUlb1kjOs7l66xsGdKpIPZsg4wR+B3+u9UAum2odSsF9tnvxg80h4ZxLWMy4pRjOsFIqQpw==}
    engines: {node: '>=4.0.0'}
    dev: false

  /pg-minify/0.3.5:
    resolution: {integrity: sha512-IDyMeIIjSA8OLaYUezZ7iYyOnHMlqozQGO8a4a+nYVOHUcHPUP2DSZaii9KW5yQGmfIoxgO4cdUVwy4OjtRa0w==}
    engines: {node: '>=0.10', npm: '>=1.4'}
    dev: false

  /pg-promise/4.8.1:
    resolution: {integrity: sha512-uGLwMw+xyt41jbUn6F3GffXXe+qxUzVAmOyXEU9TNuUMbFfaM+RbqhBEbeH/1W8cgNP8/PkLmYeL0EUSt8W3yw==}
    engines: {node: '>=0.10', npm: '>=1.4'}
    deprecated: This version of pg-promise is obsolete. You should update to a newer version.
    dependencies:
      manakin: 0.3.0
      pg: 5.1.0
      pg-minify: 0.3.5
      spex: 0.4.6
    dev: false

  /pg-types/1.13.0:
    resolution: {integrity: sha512-lfKli0Gkl/+za/+b6lzENajczwZHc7D5kiUCZfgm914jipD2kIOIvEkAhZ8GrW3/TUoP9w8FHjwpPObBye5KQQ==}
    dependencies:
      pg-int8: 1.0.1
      postgres-array: 1.0.3
      postgres-bytea: 1.0.0
      postgres-date: 1.0.7
      postgres-interval: 1.2.0
    dev: false

  /pg/5.1.0:
    resolution: {integrity: sha512-ue/z4LkcRnrx97kn61vNN0Lk0kXc2VMLMK19HA8OWCey2JVNqH1PSrwmGI4U9/T/BrmK/B4EblhZJx6sODbeew==}
    engines: {node: '>= 0.8.0'}
    dependencies:
      buffer-writer: 1.0.1
      generic-pool: 2.4.2
      packet-reader: 0.2.0
      pg-connection-string: 0.1.3
      pg-types: 1.13.0
      pgpass: 0.0.6
      semver: 4.3.2
    dev: false

  /pgpass/0.0.6:
    resolution: {integrity: sha512-mBONoxI3nFXPVE/Ao9dTv0N0+DLOoVyL5VKeufqOuMJJk3Y3GWMoI6N0Nuo8On+MJc9PkiLKNrESMgKYFRGONQ==}
    dependencies:
      split: 1.0.1
    dev: false

  /postgres-array/1.0.3:
    resolution: {integrity: sha512-5wClXrAP0+78mcsNX3/ithQ5exKvCyK5lr5NEEEeGwwM6NJdQgzIJBVxLvRW+huFpX92F2QnZ5CcokH0VhK2qQ==}
    engines: {node: '>=0.10.0'}
    dev: false

  /postgres-bytea/1.0.0:
    resolution: {integrity: sha512-xy3pmLuQqRBZBXDULy7KbaitYqLcmxigw14Q5sj8QBVLqEwXfeybIKVWiqAXTlcvdvb0+xkOtDbfQMOf4lST1w==}
    engines: {node: '>=0.10.0'}
    dev: false

  /postgres-date/1.0.7:
    resolution: {integrity: sha512-suDmjLVQg78nMK2UZ454hAG+OAW+HQPZ6n++TNDUX+L0+uUlLywnoxJKDou51Zm+zTCjrCl0Nq6J9C5hP9vK/Q==}
    engines: {node: '>=0.10.0'}
    dev: false

  /postgres-interval/1.2.0:
    resolution: {integrity: sha512-9ZhXKM/rw350N1ovuWHbGxnGh/SNJ4cnxHiM0rxE4VN41wsg8P8zWn9hv/buK00RP4WvlOyr/RBDiptyxVbkZQ==}
    engines: {node: '>=0.10.0'}
    dependencies:
      xtend: 4.0.2
    dev: false

  /proxy-addr/1.0.10:
    resolution: {integrity: sha512-iq6kR9KN32aFvXjDyC8nIrm203AHeIBPjL6dpaHgSdbpTO8KoPlD0xG92xwwtkCL9+yt1LE5VwpEk43TyP38Dg==}
    engines: {node: '>= 0.6'}
    dependencies:
      forwarded: 0.1.2
      ipaddr.js: 1.0.5
    dev: false

  /qs/4.0.0:
    resolution: {integrity: sha512-8MPmJ83uBOPsQj5tQCv4g04/nTiY+d17yl9o3Bw73vC6XlEm2POIRRlOgWJ8i74bkGLII670cDJJZkgiZ2sIkg==}
    dev: false

  /random-bytes/1.0.0:
    resolution: {integrity: sha512-iv7LhNVO047HzYR3InF6pUcUsPQiHTM1Qal51DcGSuZFBil1aBBWG5eHPNek7bvILMaYJ/8RU1e8w1AMdHmLQQ==}
    engines: {node: '>= 0.8'}
    dev: false

  /range-parser/1.0.3:
    resolution: {integrity: sha512-nDsRrtIxVUO5opg/A8T2S3ebULVIfuh8ECbh4w3N4mWxIiT3QILDJDUQayPqm2e8Q8NUa0RSUkGCfe33AfjR3Q==}
    engines: {node: '>= 0.6'}
    dev: false

  /readable-stream/1.0.34:
    resolution: {integrity: sha512-ok1qVCJuRkNmvebYikljxJA/UEsKwLl2nI1OmaqAu4/UE+h0wKCHok4XkL/gvi39OacXvw59RJUOFUkDib2rHg==}
    dependencies:
      core-util-is: 1.0.3
      inherits: 2.0.4
      isarray: 0.0.1
      string_decoder: 0.10.31
    dev: false

  /safe-buffer/5.2.1:
    resolution: {integrity: sha512-rp3So07KcdmmKbGvgaNxQSJr7bGVSVk5S9Eq1F+ppbRo70+YeaDxkw5Dd8NPN+GD6bjnYm2VuPuCXmpuYvmCXQ==}
    dev: false

  /semver/4.3.2:
    resolution: {integrity: sha512-VyFUffiBx8hABJ9HYSTXLRwyZtdDHMzMtFmID1aiNAD2BZppBmJm0Hqw3p2jkgxP9BNt1pQ9RnC49P0EcXf6cA==}
    hasBin: true
    dev: false

  /semver/4.3.6:
    resolution: {integrity: sha512-IrpJ+yoG4EOH8DFWuVg+8H1kW1Oaof0Wxe7cPcXW3x9BjkN/eVo54F15LyqemnDIUYskQWr9qvl/RihmSy6+xQ==}
    hasBin: true
    dev: false

  /send/0.13.1:
    resolution: {integrity: sha512-tajY7yMvJena2iggWhCzaysOVj/CH4AzqV2lJHUHboVNWQkIFEBJdKtzryKg3fLa83lxq9n/WQV53w9JZCe72w==}
    engines: {node: '>= 0.8.0'}
    dependencies:
      debug: 2.2.0
      depd: 1.1.2
      destroy: 1.0.4
      escape-html: 1.0.3
      etag: 1.7.0
      fresh: 0.3.0
      http-errors: 1.3.1
      mime: 1.3.4
      ms: 0.7.1
      on-finished: 2.3.0
      range-parser: 1.0.3
      statuses: 1.2.1
    transitivePeerDependencies:
      - supports-color
    dev: false

  /send/0.13.2:
    resolution: {integrity: sha512-cQ0rmXHrdO2Iof08igV2bG/yXWD106ANwBg6DkGQNT2Vsznbgq6T0oAIQboy1GoFsIuy51jCim26aA9tj3Z3Zg==}
    engines: {node: '>= 0.8.0'}
    dependencies:
      debug: 2.2.0
      depd: 1.1.2
      destroy: 1.0.4
      escape-html: 1.0.3
      etag: 1.7.0
      fresh: 0.3.0
      http-errors: 1.3.1
      mime: 1.3.4
      ms: 0.7.1
      on-finished: 2.3.0
      range-parser: 1.0.3
      statuses: 1.2.1
    transitivePeerDependencies:
      - supports-color
    dev: false

  /serve-favicon/2.3.2:
    resolution: {integrity: sha512-oHEaA3ohvKxEWhjP97cQ6QuTTbMBF3AxDyMSvBtvnl1jXaB2Ik6kXE7nUtPM3YVU5VHCDe6n7JZrFCWzQuvXEQ==}
    engines: {node: '>= 0.8.0'}
    dependencies:
      etag: 1.7.0
      fresh: 0.3.0
      ms: 0.7.2
      parseurl: 1.3.3
    dev: false

  /serve-static/1.10.3:
    resolution: {integrity: sha512-ScsFovjz3Db+vGgpofR/U8p8UULEcGV9akqyo8TQ1mMnjcxemE7Y5Muo+dvy3tJLY/doY2v1H61eCBMYGmwfrA==}
    engines: {node: '>= 0.8.0'}
    dependencies:
      escape-html: 1.0.3
      parseurl: 1.3.3
      send: 0.13.2
    transitivePeerDependencies:
      - supports-color
    dev: false

  /spex/0.4.6:
    resolution: {integrity: sha512-WhTEIvbsZPO1XU6IABOMmN3vlEBJCoDbfrjkIeQi3Yb2bBuN8NL7mtl3shZZoE47CZJfM/2t0+zyKe2Wf7IxHQ==}
    engines: {node: '>=0.10', npm: '>=1.4'}
    dev: false

  /split/1.0.1:
    resolution: {integrity: sha512-mTyOoPbrivtXnwnIxZRFYRrPNtEFKlpB2fvjSnCQUiAA6qAZzqwna5envK4uk6OIeP17CsdF3rSBGYVBsU0Tkg==}
    dependencies:
      through: 2.3.8
    dev: false

  /statuses/1.2.1:
    resolution: {integrity: sha512-pVEuxHdSGrt8QmQ3LOZXLhSA6MP/iPqKzZeO6Squ7PNGkA/9MBsSfV0/L+bIxkoDmjF4tZcLpcVq/fkqoHvuKg==}
    dev: false

  /string_decoder/0.10.31:
    resolution: {integrity: sha512-ev2QzSzWPYmy9GuqfIVildA4OdcGLeFZQrq5ys6RtiuF+RQQiZWr8TZNyAcuVXyQRYfEO+MsoB/1BuQVhOJuoQ==}
    dev: false

  /strip-ansi/3.0.1:
    resolution: {integrity: sha1-ajhfuIU9lS1f8F0Oiq+UJ43GPc8=}
    engines: {node: '>=0.10.0'}
    dependencies:
      ansi-regex: 2.1.1
    dev: false

  /supports-color/2.0.0:
    resolution: {integrity: sha1-U10EXOa2Nj+kARcIRimZXp3zJMc=}
    engines: {node: '>=0.8.0'}
    dev: false

  /through/2.3.8:
    resolution: {integrity: sha512-w89qg7PI8wAdvX60bMDP+bFoD5Dvhm9oLheFp5O4a2QF0cSBGsBX4qZmadPMvVqlLJBBci+WqGGOAPvcDeNSVg==}
    dev: false

  /type-is/1.6.18:
    resolution: {integrity: sha512-TkRKr9sUTxEH8MdfuCSP7VizJyzRNMjj2J2do2Jr3Kym598JVdEksuzPQCnlFPW4ky9Q+iA+ma9BGm06XQBy8g==}
    engines: {node: '>= 0.6'}
    dependencies:
      media-typer: 0.3.0
      mime-types: 2.1.35
    dev: false

  /uid-safe/2.1.5:
    resolution: {integrity: sha512-KPHm4VL5dDXKz01UuEd88Df+KzynaohSL9fBh096KWAxSKZQDI2uBrVqtvRM4rwrIrRRKsdLNML/lnaaVSRioA==}
    engines: {node: '>= 0.8'}
    dependencies:
      random-bytes: 1.0.0
    dev: false

  /unpipe/1.0.0:
    resolution: {integrity: sha512-pjy2bYhSsufwWlKwPc+l3cN7+wuJlK6uz0YdJEOlQDbl6jo/YlPi4mb8agUkVC8BF7V8NuzeyPNqRksA3hztKQ==}
    engines: {node: '>= 0.8'}
    dev: false

  /utils-merge/1.0.0:
    resolution: {integrity: sha512-HwU9SLQEtyo+0uoKXd1nkLqigUWLB+QuNQR4OcmB73eWqksM5ovuqcycks2x043W8XVb75rG1HQ0h93TMXkzQQ==}
    engines: {node: '>= 0.4.0'}
    dev: false

  /vary/1.0.1:
    resolution: {integrity: sha512-yNsH+tC0r8quK2tg/yqkXqqaYzeKTkSqQ+8T6xCoWgOi/bU/omMYz+6k+I91JJJDeltJzI7oridTOq6OYkY0Tw==}
    engines: {node: '>= 0.8'}
    dev: false

  /xtend/4.0.2:
    resolution: {integrity: sha512-LKYU1iAXJXUgAXn9URjiu+MWhyUXHsvfp7mcuYm9dSUKK0/CjtrUwFAxD82/mCWbtLsGjFIad0wIsod4zrTAEQ==}
    engines: {node: '>=0.4'}
    dev: false
